
Microsoft Visual Studio Solution File, Format Version 12.00
# Visual Studio Version 16
VisualStudioVersion = 16.0.31205.134
MinimumVisualStudioVersion = 10.0.40219.1
Project("{FAE04EC0-301F-11D3-BF4B-00C04F79EFBC}") = "BudgetSystem.Core", "BudgetSystem.Core\BudgetSystem.Core.csproj", "{2ABBE95C-5E13-4454-A43D-44A0892DC447}"
EndProject
Project("{FAE04EC0-301F-11D3-BF4B-00C04F79EFBC}") = "BudgetSystem.DataAccess.InMemory", "BudgetSystem.InMemory\BudgetSystem.DataAccess.InMemory.csproj", "{E13E96F2-FA49-44D9-8702-C26616029D48}"
EndProject
Project("{FAE04EC0-301F-11D3-BF4B-00C04F79EFBC}") = "BudgetSystem.Services", "BudgetSystem.Services\BudgetSystem.Services.csproj", "{736C9EAB-1972-4C16-AC79-CE039E2164E9}"
EndProject
Project("{FAE04EC0-301F-11D3-BF4B-00C04F79EFBC}") = "BudgetSystem.DataAccess.SQL", "BudgetSystem.DataAccess.SQL\BudgetSystem.DataAccess.SQL.csproj", "{B923D4C7-DCEF-4A68-A404-CE69660DD8FC}"
EndProject
Project("{FAE04EC0-301F-11D3-BF4B-00C04F79EFBC}") = "BudgetSystem.WebUI", "BudgetSystem.WebUI\BudgetSystem.WebUI.csproj", "{4EB54EF2-5303-4C49-90FE-76290774613A}"
EndProject
Global
	GlobalSection(SolutionConfigurationPlatforms) = preSolution
		Debug|Any CPU = Debug|Any CPU
		Release|Any CPU = Release|Any CPU
	EndGlobalSection
	GlobalSection(ProjectConfigurationPlatforms) = postSolution
		{2ABBE95C-5E13-4454-A43D-44A0892DC447}.Debug|Any CPU.ActiveCfg = Debug|Any CPU
		{2ABBE95C-5E13-4454-A43D-44A0892DC447}.Debug|Any CPU.Build.0 = Debug|Any CPU
		{2ABBE95C-5E13-4454-A43D-44A0892DC447}.Release|Any CPU.ActiveCfg = Release|Any CPU
		{2ABBE95C-5E13-4454-A43D-44A0892DC447}.Release|Any CPU.Build.0 = Release|Any CPU
		{E13E96F2-FA49-44D9-8702-C26616029D48}.Debug|Any CPU.ActiveCfg = Debug|Any CPU
		{E13E96F2-FA49-44D9-8702-C26616029D48}.Debug|Any CPU.Build.0 = Debug|Any CPU
		{E13E96F2-FA49-44D9-8702-C26616029D48}.Release|Any CPU.ActiveCfg = Release|Any CPU
		{E13E96F2-FA49-44D9-8702-C26616029D48}.Release|Any CPU.Build.0 = Release|Any CPU
		{736C9EAB-1972-4C16-AC79-CE039E2164E9}.Debug|Any CPU.ActiveCfg = Debug|Any CPU
		{736C9EAB-1972-4C16-AC79-CE039E2164E9}.Debug|Any CPU.Build.0 = Debug|Any CPU
		{736C9EAB-1972-4C16-AC79-CE039E2164E9}.Release|Any CPU.ActiveCfg = Release|Any CPU
		{736C9EAB-1972-4C16-AC79-CE039E2164E9}.Release|Any CPU.Build.0 = Release|Any CPU
		{B923D4C7-DCEF-4A68-A404-CE69660DD8FC}.Debug|Any CPU.ActiveCfg = Debug|Any CPU
		{B923D4C7-DCEF-4A68-A404-CE69660DD8FC}.Debug|Any CPU.Build.0 = Debug|Any CPU
		{B923D4C7-DCEF-4A68-A404-CE69660DD8FC}.Release|Any CPU.ActiveCfg = Release|Any CPU
		{B923D4C7-DCEF-4A68-A404-CE69660DD8FC}.Release|Any CPU.Build.0 = Release|Any CPU
		{4EB54EF2-5303-4C49-90FE-76290774613A}.Debug|Any CPU.ActiveCfg = Debug|Any CPU
		{4EB54EF2-5303-4C49-90FE-76290774613A}.Debug|Any CPU.Build.0 = Debug|Any CPU
		{4EB54EF2-5303-4C49-90FE-76290774613A}.Release|Any CPU.ActiveCfg = Release|Any CPU
		{4EB54EF2-5303-4C49-90FE-76290774613A}.Release|Any CPU.Build.0 = Release|Any CPU
	EndGlobalSection
	GlobalSection(SolutionProperties) = preSolution
		HideSolutionNode = FALSE
	EndGlobalSection
	GlobalSection(ExtensibilityGlobals) = postSolution
		SolutionGuid = {DA85D683-157C-4767-AC0A-3AB0356B5106}
	EndGlobalSection
EndGlobal
